
Microsoft Visual Studio Solution File, Format Version 12.00
# Visual Studio Version 16
VisualStudioVersion = 16.0.32126.315
MinimumVisualStudioVersion = 10.0.40219.1
Project("{9A19103F-16F7-4668-BE54-9A1E7A4F7556}") = "ProjetFactureCore", "ProjetFactureCore\ProjetFactureCore.csproj", "{B5E4C538-147C-407A-89F8-1020184E52B9}"
EndProject
Project("{9A19103F-16F7-4668-BE54-9A1E7A4F7556}") = "prjEFCore", "prjEFCore\prjEFCore.csproj", "{9FDF661C-78ED-46EC-A0EC-9C47D6393B42}"
EndProject
Project("{FAE04EC0-301F-11D3-BF4B-00C04F79EFBC}") = "prjEntity2", "prjEntity2\prjEntity2.csproj", "{769C732F-6CD4-436A-9413-FAD6B31D5CFA}"
EndProject
Project("{9A19103F-16F7-4668-BE54-9A1E7A4F7556}") = "WpfFacture", "WpfFacture\WpfFacture.csproj", "{FA92670B-0B85-4300-8551-D9F4E4FE050B}"
EndProject
Project("{9A19103F-16F7-4668-BE54-9A1E7A4F7556}") = "Test", "Test\Test.csproj", "{D88EF03E-763B-4155-AF71-0E3A840F23C0}"
EndProject
Project("{FAE04EC0-301F-11D3-BF4B-00C04F79EFBC}") = "WpfApp1", "WpfApp1\WpfApp1.csproj", "{5E981606-4072-46EB-81E2-050C95E14AA8}"
EndProject
Global
	GlobalSection(SolutionConfigurationPlatforms) = preSolution
		Debug|Any CPU = Debug|Any CPU
		Release|Any CPU = Release|Any CPU
	EndGlobalSection
	GlobalSection(ProjectConfigurationPlatforms) = postSolution
		{B5E4C538-147C-407A-89F8-1020184E52B9}.Debug|Any CPU.ActiveCfg = Debug|Any CPU
		{B5E4C538-147C-407A-89F8-1020184E52B9}.Debug|Any CPU.Build.0 = Debug|Any CPU
		{B5E4C538-147C-407A-89F8-1020184E52B9}.Release|Any CPU.ActiveCfg = Release|Any CPU
		{B5E4C538-147C-407A-89F8-1020184E52B9}.Release|Any CPU.Build.0 = Release|Any CPU
		{9FDF661C-78ED-46EC-A0EC-9C47D6393B42}.Debug|Any CPU.ActiveCfg = Debug|Any CPU
		{9FDF661C-78ED-46EC-A0EC-9C47D6393B42}.Debug|Any CPU.Build.0 = Debug|Any CPU
		{9FDF661C-78ED-46EC-A0EC-9C47D6393B42}.Release|Any CPU.ActiveCfg = Release|Any CPU
		{9FDF661C-78ED-46EC-A0EC-9C47D6393B42}.Release|Any CPU.Build.0 = Release|Any CPU
		{769C732F-6CD4-436A-9413-FAD6B31D5CFA}.Debug|Any CPU.ActiveCfg = Debug|Any CPU
		{769C732F-6CD4-436A-9413-FAD6B31D5CFA}.Debug|Any CPU.Build.0 = Debug|Any CPU
		{769C732F-6CD4-436A-9413-FAD6B31D5CFA}.Release|Any CPU.ActiveCfg = Release|Any CPU
		{769C732F-6CD4-436A-9413-FAD6B31D5CFA}.Release|Any CPU.Build.0 = Release|Any CPU
		{FA92670B-0B85-4300-8551-D9F4E4FE050B}.Debug|Any CPU.ActiveCfg = Debug|Any CPU
		{FA92670B-0B85-4300-8551-D9F4E4FE050B}.Debug|Any CPU.Build.0 = Debug|Any CPU
		{FA92670B-0B85-4300-8551-D9F4E4FE050B}.Release|Any CPU.ActiveCfg = Release|Any CPU
		{FA92670B-0B85-4300-8551-D9F4E4FE050B}.Release|Any CPU.Build.0 = Release|Any CPU
		{D88EF03E-763B-4155-AF71-0E3A840F23C0}.Debug|Any CPU.ActiveCfg = Debug|Any CPU
		{D88EF03E-763B-4155-AF71-0E3A840F23C0}.Debug|Any CPU.Build.0 = Debug|Any CPU
		{D88EF03E-763B-4155-AF71-0E3A840F23C0}.Release|Any CPU.ActiveCfg = Release|Any CPU
		{D88EF03E-763B-4155-AF71-0E3A840F23C0}.Release|Any CPU.Build.0 = Release|Any CPU
		{5E981606-4072-46EB-81E2-050C95E14AA8}.Debug|Any CPU.ActiveCfg = Debug|Any CPU
		{5E981606-4072-46EB-81E2-050C95E14AA8}.Debug|Any CPU.Build.0 = Debug|Any CPU
		{5E981606-4072-46EB-81E2-050C95E14AA8}.Release|Any CPU.ActiveCfg = Release|Any CPU
		{5E981606-4072-46EB-81E2-050C95E14AA8}.Release|Any CPU.Build.0 = Release|Any CPU
	EndGlobalSection
	GlobalSection(SolutionProperties) = preSolution
		HideSolutionNode = FALSE
	EndGlobalSection
	GlobalSection(ExtensibilityGlobals) = postSolution
		SolutionGuid = {F0A233F7-2024-4534-B5B4-7FBBD7662B1C}
	EndGlobalSection
EndGlobal
